
Microsoft Visual Studio Solution File, Format Version 12.00
# Visual Studio Version 16
VisualStudioVersion = 16.0.31605.320
MinimumVisualStudioVersion = 10.0.40219.1
Project("{9A19103F-16F7-4668-BE54-9A1E7A4F7556}") = "Shared.Common", "..\Shared.Common\Shared.Common.csproj", "{300A0C19-8973-49ED-8BB7-E2F4286370FE}"
EndProject
Project("{9A19103F-16F7-4668-BE54-9A1E7A4F7556}") = "OpsAPI", "Ops-api\OpsAPI.csproj", "{C10ADA43-2E85-46BF-B757-66E38CED625C}"
EndProject
Project("{9A19103F-16F7-4668-BE54-9A1E7A4F7556}") = "Shared.Model", "..\Shared.Model\Shared.Model.csproj", "{0CD63F04-64A0-4474-9210-70866A5C0116}"
EndProject
Global
	GlobalSection(SolutionConfigurationPlatforms) = preSolution
		Debug|Any CPU = Debug|Any CPU
		Release|Any CPU = Release|Any CPU
	EndGlobalSection
	GlobalSection(ProjectConfigurationPlatforms) = postSolution
		{300A0C19-8973-49ED-8BB7-E2F4286370FE}.Debug|Any CPU.ActiveCfg = Debug|Any CPU
		{300A0C19-8973-49ED-8BB7-E2F4286370FE}.Debug|Any CPU.Build.0 = Debug|Any CPU
		{300A0C19-8973-49ED-8BB7-E2F4286370FE}.Release|Any CPU.ActiveCfg = Release|Any CPU
		{300A0C19-8973-49ED-8BB7-E2F4286370FE}.Release|Any CPU.Build.0 = Release|Any CPU
		{C10ADA43-2E85-46BF-B757-66E38CED625C}.Debug|Any CPU.ActiveCfg = Debug|Any CPU
		{C10ADA43-2E85-46BF-B757-66E38CED625C}.Debug|Any CPU.Build.0 = Debug|Any CPU
		{C10ADA43-2E85-46BF-B757-66E38CED625C}.Release|Any CPU.ActiveCfg = Release|Any CPU
		{C10ADA43-2E85-46BF-B757-66E38CED625C}.Release|Any CPU.Build.0 = Release|Any CPU
		{0CD63F04-64A0-4474-9210-70866A5C0116}.Debug|Any CPU.ActiveCfg = Debug|Any CPU
		{0CD63F04-64A0-4474-9210-70866A5C0116}.Debug|Any CPU.Build.0 = Debug|Any CPU
		{0CD63F04-64A0-4474-9210-70866A5C0116}.Release|Any CPU.ActiveCfg = Release|Any CPU
		{0CD63F04-64A0-4474-9210-70866A5C0116}.Release|Any CPU.Build.0 = Release|Any CPU
	EndGlobalSection
	GlobalSection(SolutionProperties) = preSolution
		HideSolutionNode = FALSE
	EndGlobalSection
	GlobalSection(ExtensibilityGlobals) = postSolution
		SolutionGuid = {D62070F9-10D6-46A6-97CD-675CCB6DB68B}
	EndGlobalSection
EndGlobal
